
Microsoft Visual Studio Solution File, Format Version 12.00
# Visual Studio Version 17
VisualStudioVersion = 17.5.002.0
MinimumVisualStudioVersion = 10.0.40219.1
Project("{9A19103F-16F7-4668-BE54-9A1E7A4F7556}") = "05-switch-homework", "05-switch-homework.csproj", "{6741DEF4-595F-4470-829A-BDB1CFE34649}"
EndProject
Project("{9A19103F-16F7-4668-BE54-9A1E7A4F7556}") = "Soru1", "Soru1\Soru1.csproj", "{A488AC17-22FA-4767-AAB9-0A2B10C7F136}"
EndProject
Project("{9A19103F-16F7-4668-BE54-9A1E7A4F7556}") = "Soru2", "Soru2\Soru2.csproj", "{6E6573D8-2359-4F49-9A53-F0B2B31C5648}"
EndProject
Project("{9A19103F-16F7-4668-BE54-9A1E7A4F7556}") = "Soru3", "Soru3\Soru3.csproj", "{4949BF12-26EC-450C-8360-CE003B650EEB}"
EndProject
Project("{9A19103F-16F7-4668-BE54-9A1E7A4F7556}") = "Soru", "Soru4\Soru.csproj", "{723A5665-FD3D-448A-8614-9E5987455F56}"
EndProject
Project("{9A19103F-16F7-4668-BE54-9A1E7A4F7556}") = "Soru5", "Soru5\Soru5.csproj", "{1C5E6A97-7391-4EBD-A157-C44FA516EF42}"
EndProject
Project("{9A19103F-16F7-4668-BE54-9A1E7A4F7556}") = "Soru6", "Soru6\Soru6.csproj", "{90427A5E-333D-4CDF-8E23-389513305961}"
EndProject
Project("{9A19103F-16F7-4668-BE54-9A1E7A4F7556}") = "Soru7", "Soru7\Soru7.csproj", "{23D7816E-26E8-49EE-93F9-A3DFD0529CE8}"
EndProject
Project("{9A19103F-16F7-4668-BE54-9A1E7A4F7556}") = "Soru8", "Soru8\Soru8.csproj", "{22136FE5-71A3-402C-BA56-E650BCA3A62C}"
EndProject
Project("{9A19103F-16F7-4668-BE54-9A1E7A4F7556}") = "Soru9", "Soru9\Soru9.csproj", "{290CBDCD-BA32-4D92-9817-38F744F7FF77}"
EndProject
Global
	GlobalSection(SolutionConfigurationPlatforms) = preSolution
		Debug|Any CPU = Debug|Any CPU
		Release|Any CPU = Release|Any CPU
	EndGlobalSection
	GlobalSection(ProjectConfigurationPlatforms) = postSolution
		{6741DEF4-595F-4470-829A-BDB1CFE34649}.Debug|Any CPU.ActiveCfg = Debug|Any CPU
		{6741DEF4-595F-4470-829A-BDB1CFE34649}.Debug|Any CPU.Build.0 = Debug|Any CPU
		{6741DEF4-595F-4470-829A-BDB1CFE34649}.Release|Any CPU.ActiveCfg = Release|Any CPU
		{6741DEF4-595F-4470-829A-BDB1CFE34649}.Release|Any CPU.Build.0 = Release|Any CPU
		{A488AC17-22FA-4767-AAB9-0A2B10C7F136}.Debug|Any CPU.ActiveCfg = Debug|Any CPU
		{A488AC17-22FA-4767-AAB9-0A2B10C7F136}.Debug|Any CPU.Build.0 = Debug|Any CPU
		{A488AC17-22FA-4767-AAB9-0A2B10C7F136}.Release|Any CPU.ActiveCfg = Release|Any CPU
		{A488AC17-22FA-4767-AAB9-0A2B10C7F136}.Release|Any CPU.Build.0 = Release|Any CPU
		{6E6573D8-2359-4F49-9A53-F0B2B31C5648}.Debug|Any CPU.ActiveCfg = Debug|Any CPU
		{6E6573D8-2359-4F49-9A53-F0B2B31C5648}.Debug|Any CPU.Build.0 = Debug|Any CPU
		{6E6573D8-2359-4F49-9A53-F0B2B31C5648}.Release|Any CPU.ActiveCfg = Release|Any CPU
		{6E6573D8-2359-4F49-9A53-F0B2B31C5648}.Release|Any CPU.Build.0 = Release|Any CPU
		{4949BF12-26EC-450C-8360-CE003B650EEB}.Debug|Any CPU.ActiveCfg = Debug|Any CPU
		{4949BF12-26EC-450C-8360-CE003B650EEB}.Debug|Any CPU.Build.0 = Debug|Any CPU
		{4949BF12-26EC-450C-8360-CE003B650EEB}.Release|Any CPU.ActiveCfg = Release|Any CPU
		{4949BF12-26EC-450C-8360-CE003B650EEB}.Release|Any CPU.Build.0 = Release|Any CPU
		{723A5665-FD3D-448A-8614-9E5987455F56}.Debug|Any CPU.ActiveCfg = Debug|Any CPU
		{723A5665-FD3D-448A-8614-9E5987455F56}.Debug|Any CPU.Build.0 = Debug|Any CPU
		{723A5665-FD3D-448A-8614-9E5987455F56}.Release|Any CPU.ActiveCfg = Release|Any CPU
		{723A5665-FD3D-448A-8614-9E5987455F56}.Release|Any CPU.Build.0 = Release|Any CPU
		{1C5E6A97-7391-4EBD-A157-C44FA516EF42}.Debug|Any CPU.ActiveCfg = Debug|Any CPU
		{1C5E6A97-7391-4EBD-A157-C44FA516EF42}.Debug|Any CPU.Build.0 = Debug|Any CPU
		{1C5E6A97-7391-4EBD-A157-C44FA516EF42}.Release|Any CPU.ActiveCfg = Release|Any CPU
		{1C5E6A97-7391-4EBD-A157-C44FA516EF42}.Release|Any CPU.Build.0 = Release|Any CPU
		{90427A5E-333D-4CDF-8E23-389513305961}.Debug|Any CPU.ActiveCfg = Debug|Any CPU
		{90427A5E-333D-4CDF-8E23-389513305961}.Debug|Any CPU.Build.0 = Debug|Any CPU
		{90427A5E-333D-4CDF-8E23-389513305961}.Release|Any CPU.ActiveCfg = Release|Any CPU
		{90427A5E-333D-4CDF-8E23-389513305961}.Release|Any CPU.Build.0 = Release|Any CPU
		{23D7816E-26E8-49EE-93F9-A3DFD0529CE8}.Debug|Any CPU.ActiveCfg = Debug|Any CPU
		{23D7816E-26E8-49EE-93F9-A3DFD0529CE8}.Debug|Any CPU.Build.0 = Debug|Any CPU
		{23D7816E-26E8-49EE-93F9-A3DFD0529CE8}.Release|Any CPU.ActiveCfg = Release|Any CPU
		{23D7816E-26E8-49EE-93F9-A3DFD0529CE8}.Release|Any CPU.Build.0 = Release|Any CPU
		{22136FE5-71A3-402C-BA56-E650BCA3A62C}.Debug|Any CPU.ActiveCfg = Debug|Any CPU
		{22136FE5-71A3-402C-BA56-E650BCA3A62C}.Debug|Any CPU.Build.0 = Debug|Any CPU
		{22136FE5-71A3-402C-BA56-E650BCA3A62C}.Release|Any CPU.ActiveCfg = Release|Any CPU
		{22136FE5-71A3-402C-BA56-E650BCA3A62C}.Release|Any CPU.Build.0 = Release|Any CPU
		{290CBDCD-BA32-4D92-9817-38F744F7FF77}.Debug|Any CPU.ActiveCfg = Debug|Any CPU
		{290CBDCD-BA32-4D92-9817-38F744F7FF77}.Debug|Any CPU.Build.0 = Debug|Any CPU
		{290CBDCD-BA32-4D92-9817-38F744F7FF77}.Release|Any CPU.ActiveCfg = Release|Any CPU
		{290CBDCD-BA32-4D92-9817-38F744F7FF77}.Release|Any CPU.Build.0 = Release|Any CPU
	EndGlobalSection
	GlobalSection(SolutionProperties) = preSolution
		HideSolutionNode = FALSE
	EndGlobalSection
	GlobalSection(ExtensibilityGlobals) = postSolution
		SolutionGuid = {7F720061-BF0D-4D86-B015-03145B96949E}
	EndGlobalSection
EndGlobal
