
Microsoft Visual Studio Solution File, Format Version 12.00
# Visual Studio Version 17
VisualStudioVersion = 17.5.002.0
MinimumVisualStudioVersion = 10.0.40219.1
Project("{9A19103F-16F7-4668-BE54-9A1E7A4F7556}") = "01-String-Methods-Homework", "01-String-Methods-Homework.csproj", "{F6F9757C-8DD3-40E7-9FE4-C4E2AF43B75B}"
EndProject
Project("{9A19103F-16F7-4668-BE54-9A1E7A4F7556}") = "Soru1", "Soru1\Soru1.csproj", "{4FD31624-2CA3-4724-A121-146464BC79D0}"
EndProject
Project("{9A19103F-16F7-4668-BE54-9A1E7A4F7556}") = "Soru2", "Soru2\Soru2.csproj", "{949560AB-8FBF-4C9D-85DE-66DF5400F01F}"
EndProject
Project("{9A19103F-16F7-4668-BE54-9A1E7A4F7556}") = "Soru3", "Soru3\Soru3.csproj", "{54374C53-6737-4123-855A-BA9FD835734F}"
EndProject
Project("{9A19103F-16F7-4668-BE54-9A1E7A4F7556}") = "Soru4", "Soru4\Soru4.csproj", "{7AEBAA50-1430-40B3-9C07-9A97059BECC2}"
EndProject
Project("{9A19103F-16F7-4668-BE54-9A1E7A4F7556}") = "Soru5", "Soru5\Soru5.csproj", "{2AE736DA-0344-4CE6-B9B4-EC6F8E726582}"
EndProject
Global
	GlobalSection(SolutionConfigurationPlatforms) = preSolution
		Debug|Any CPU = Debug|Any CPU
		Release|Any CPU = Release|Any CPU
	EndGlobalSection
	GlobalSection(ProjectConfigurationPlatforms) = postSolution
		{F6F9757C-8DD3-40E7-9FE4-C4E2AF43B75B}.Debug|Any CPU.ActiveCfg = Debug|Any CPU
		{F6F9757C-8DD3-40E7-9FE4-C4E2AF43B75B}.Debug|Any CPU.Build.0 = Debug|Any CPU
		{F6F9757C-8DD3-40E7-9FE4-C4E2AF43B75B}.Release|Any CPU.ActiveCfg = Release|Any CPU
		{F6F9757C-8DD3-40E7-9FE4-C4E2AF43B75B}.Release|Any CPU.Build.0 = Release|Any CPU
		{4FD31624-2CA3-4724-A121-146464BC79D0}.Debug|Any CPU.ActiveCfg = Debug|Any CPU
		{4FD31624-2CA3-4724-A121-146464BC79D0}.Debug|Any CPU.Build.0 = Debug|Any CPU
		{4FD31624-2CA3-4724-A121-146464BC79D0}.Release|Any CPU.ActiveCfg = Release|Any CPU
		{4FD31624-2CA3-4724-A121-146464BC79D0}.Release|Any CPU.Build.0 = Release|Any CPU
		{949560AB-8FBF-4C9D-85DE-66DF5400F01F}.Debug|Any CPU.ActiveCfg = Debug|Any CPU
		{949560AB-8FBF-4C9D-85DE-66DF5400F01F}.Debug|Any CPU.Build.0 = Debug|Any CPU
		{949560AB-8FBF-4C9D-85DE-66DF5400F01F}.Release|Any CPU.ActiveCfg = Release|Any CPU
		{949560AB-8FBF-4C9D-85DE-66DF5400F01F}.Release|Any CPU.Build.0 = Release|Any CPU
		{54374C53-6737-4123-855A-BA9FD835734F}.Debug|Any CPU.ActiveCfg = Debug|Any CPU
		{54374C53-6737-4123-855A-BA9FD835734F}.Debug|Any CPU.Build.0 = Debug|Any CPU
		{54374C53-6737-4123-855A-BA9FD835734F}.Release|Any CPU.ActiveCfg = Release|Any CPU
		{54374C53-6737-4123-855A-BA9FD835734F}.Release|Any CPU.Build.0 = Release|Any CPU
		{7AEBAA50-1430-40B3-9C07-9A97059BECC2}.Debug|Any CPU.ActiveCfg = Debug|Any CPU
		{7AEBAA50-1430-40B3-9C07-9A97059BECC2}.Debug|Any CPU.Build.0 = Debug|Any CPU
		{7AEBAA50-1430-40B3-9C07-9A97059BECC2}.Release|Any CPU.ActiveCfg = Release|Any CPU
		{7AEBAA50-1430-40B3-9C07-9A97059BECC2}.Release|Any CPU.Build.0 = Release|Any CPU
		{2AE736DA-0344-4CE6-B9B4-EC6F8E726582}.Debug|Any CPU.ActiveCfg = Debug|Any CPU
		{2AE736DA-0344-4CE6-B9B4-EC6F8E726582}.Debug|Any CPU.Build.0 = Debug|Any CPU
		{2AE736DA-0344-4CE6-B9B4-EC6F8E726582}.Release|Any CPU.ActiveCfg = Release|Any CPU
		{2AE736DA-0344-4CE6-B9B4-EC6F8E726582}.Release|Any CPU.Build.0 = Release|Any CPU
	EndGlobalSection
	GlobalSection(SolutionProperties) = preSolution
		HideSolutionNode = FALSE
	EndGlobalSection
	GlobalSection(ExtensibilityGlobals) = postSolution
		SolutionGuid = {FF6A8BA1-591D-4A61-A214-343E39FBBEF9}
	EndGlobalSection
EndGlobal
