
Microsoft Visual Studio Solution File, Format Version 12.00
# Visual Studio Version 17
VisualStudioVersion = 17.5.002.0
MinimumVisualStudioVersion = 10.0.40219.1
Project("{9A19103F-16F7-4668-BE54-9A1E7A4F7556}") = "Soru3", "Soru3.csproj", "{B2C25CB7-53AD-42EC-9F86-DA6187F9523C}"
EndProject
Global
	GlobalSection(SolutionConfigurationPlatforms) = preSolution
		Debug|Any CPU = Debug|Any CPU
		Release|Any CPU = Release|Any CPU
	EndGlobalSection
	GlobalSection(ProjectConfigurationPlatforms) = postSolution
		{B2C25CB7-53AD-42EC-9F86-DA6187F9523C}.Debug|Any CPU.ActiveCfg = Debug|Any CPU
		{B2C25CB7-53AD-42EC-9F86-DA6187F9523C}.Debug|Any CPU.Build.0 = Debug|Any CPU
		{B2C25CB7-53AD-42EC-9F86-DA6187F9523C}.Release|Any CPU.ActiveCfg = Release|Any CPU
		{B2C25CB7-53AD-42EC-9F86-DA6187F9523C}.Release|Any CPU.Build.0 = Release|Any CPU
	EndGlobalSection
	GlobalSection(SolutionProperties) = preSolution
		HideSolutionNode = FALSE
	EndGlobalSection
	GlobalSection(ExtensibilityGlobals) = postSolution
		SolutionGuid = {6A8BDE8E-2440-4DC0-8988-D8BE6321382C}
	EndGlobalSection
EndGlobal
