
Microsoft Visual Studio Solution File, Format Version 12.00
# Visual Studio Version 17
VisualStudioVersion = 17.5.002.0
MinimumVisualStudioVersion = 10.0.40219.1
Project("{9A19103F-16F7-4668-BE54-9A1E7A4F7556}") = "03-datetime-methods-homework", "03-datetime-methods-homework.csproj", "{FA1B1743-BBE6-4588-B535-4E0FA77C39B2}"
EndProject
Project("{9A19103F-16F7-4668-BE54-9A1E7A4F7556}") = "Soru1", "Soru1\Soru1.csproj", "{5536C014-2181-4D76-8FBA-BF422E4BBEF4}"
EndProject
Global
	GlobalSection(SolutionConfigurationPlatforms) = preSolution
		Debug|Any CPU = Debug|Any CPU
		Release|Any CPU = Release|Any CPU
	EndGlobalSection
	GlobalSection(ProjectConfigurationPlatforms) = postSolution
		{FA1B1743-BBE6-4588-B535-4E0FA77C39B2}.Debug|Any CPU.ActiveCfg = Debug|Any CPU
		{FA1B1743-BBE6-4588-B535-4E0FA77C39B2}.Debug|Any CPU.Build.0 = Debug|Any CPU
		{FA1B1743-BBE6-4588-B535-4E0FA77C39B2}.Release|Any CPU.ActiveCfg = Release|Any CPU
		{FA1B1743-BBE6-4588-B535-4E0FA77C39B2}.Release|Any CPU.Build.0 = Release|Any CPU
		{5536C014-2181-4D76-8FBA-BF422E4BBEF4}.Debug|Any CPU.ActiveCfg = Debug|Any CPU
		{5536C014-2181-4D76-8FBA-BF422E4BBEF4}.Debug|Any CPU.Build.0 = Debug|Any CPU
		{5536C014-2181-4D76-8FBA-BF422E4BBEF4}.Release|Any CPU.ActiveCfg = Release|Any CPU
		{5536C014-2181-4D76-8FBA-BF422E4BBEF4}.Release|Any CPU.Build.0 = Release|Any CPU
	EndGlobalSection
	GlobalSection(SolutionProperties) = preSolution
		HideSolutionNode = FALSE
	EndGlobalSection
	GlobalSection(ExtensibilityGlobals) = postSolution
		SolutionGuid = {3CB0EE65-0FBB-4211-BA8F-E72CC6C8556E}
	EndGlobalSection
EndGlobal
