
Microsoft Visual Studio Solution File, Format Version 12.00
# Visual Studio Version 17
VisualStudioVersion = 17.5.002.0
MinimumVisualStudioVersion = 10.0.40219.1
Project("{9A19103F-16F7-4668-BE54-9A1E7A4F7556}") = "03-datetime-methods-homework", "03-datetime-methods-homework.csproj", "{6C4C6239-44D8-46D0-8DD3-FA0609672416}"
EndProject
Project("{9A19103F-16F7-4668-BE54-9A1E7A4F7556}") = "Soru1", "Soru1\Soru1.csproj", "{0CA86193-6163-47B3-A04F-2D6F59EA6250}"
EndProject
Project("{9A19103F-16F7-4668-BE54-9A1E7A4F7556}") = "Soru10", "Soru10\Soru10.csproj", "{628ADC33-3BCB-4756-9B31-17E6736547F3}"
EndProject
Project("{9A19103F-16F7-4668-BE54-9A1E7A4F7556}") = "Soru2", "Soru2\Soru2.csproj", "{94781E74-CEF6-48C7-A3AF-811BA752564A}"
EndProject
Project("{9A19103F-16F7-4668-BE54-9A1E7A4F7556}") = "Soru3", "Soru3\Soru3.csproj", "{B35A6E26-DF83-450D-A6F1-2627B03FFAD5}"
EndProject
Project("{9A19103F-16F7-4668-BE54-9A1E7A4F7556}") = "Soru4", "Soru4\Soru4.csproj", "{807317B9-3A1B-4A2F-8CCA-ADEBE0730DB5}"
EndProject
Project("{9A19103F-16F7-4668-BE54-9A1E7A4F7556}") = "Soru5", "Soru5\Soru5.csproj", "{47071145-7DFD-40D5-A9C1-D4198D4C927B}"
EndProject
Project("{9A19103F-16F7-4668-BE54-9A1E7A4F7556}") = "Soru6", "Soru6\Soru6.csproj", "{FE7611B7-8761-4E15-8959-42D19B9C19B9}"
EndProject
Project("{9A19103F-16F7-4668-BE54-9A1E7A4F7556}") = "Soru7", "Soru7\Soru7.csproj", "{9D6C7CB9-00B1-4905-A3CC-EDCEC114602A}"
EndProject
Project("{9A19103F-16F7-4668-BE54-9A1E7A4F7556}") = "Soru8", "Soru8\Soru8.csproj", "{B986C496-84F9-4418-B922-1E48C6DE8A27}"
EndProject
Project("{9A19103F-16F7-4668-BE54-9A1E7A4F7556}") = "Soru9", "Soru9\Soru9.csproj", "{AD32C118-7DDC-4114-803B-F93C8CAA8770}"
EndProject
Global
	GlobalSection(SolutionConfigurationPlatforms) = preSolution
		Debug|Any CPU = Debug|Any CPU
		Release|Any CPU = Release|Any CPU
	EndGlobalSection
	GlobalSection(ProjectConfigurationPlatforms) = postSolution
		{6C4C6239-44D8-46D0-8DD3-FA0609672416}.Debug|Any CPU.ActiveCfg = Debug|Any CPU
		{6C4C6239-44D8-46D0-8DD3-FA0609672416}.Debug|Any CPU.Build.0 = Debug|Any CPU
		{6C4C6239-44D8-46D0-8DD3-FA0609672416}.Release|Any CPU.ActiveCfg = Release|Any CPU
		{6C4C6239-44D8-46D0-8DD3-FA0609672416}.Release|Any CPU.Build.0 = Release|Any CPU
		{0CA86193-6163-47B3-A04F-2D6F59EA6250}.Debug|Any CPU.ActiveCfg = Debug|Any CPU
		{0CA86193-6163-47B3-A04F-2D6F59EA6250}.Debug|Any CPU.Build.0 = Debug|Any CPU
		{0CA86193-6163-47B3-A04F-2D6F59EA6250}.Release|Any CPU.ActiveCfg = Release|Any CPU
		{0CA86193-6163-47B3-A04F-2D6F59EA6250}.Release|Any CPU.Build.0 = Release|Any CPU
		{628ADC33-3BCB-4756-9B31-17E6736547F3}.Debug|Any CPU.ActiveCfg = Debug|Any CPU
		{628ADC33-3BCB-4756-9B31-17E6736547F3}.Debug|Any CPU.Build.0 = Debug|Any CPU
		{628ADC33-3BCB-4756-9B31-17E6736547F3}.Release|Any CPU.ActiveCfg = Release|Any CPU
		{628ADC33-3BCB-4756-9B31-17E6736547F3}.Release|Any CPU.Build.0 = Release|Any CPU
		{94781E74-CEF6-48C7-A3AF-811BA752564A}.Debug|Any CPU.ActiveCfg = Debug|Any CPU
		{94781E74-CEF6-48C7-A3AF-811BA752564A}.Debug|Any CPU.Build.0 = Debug|Any CPU
		{94781E74-CEF6-48C7-A3AF-811BA752564A}.Release|Any CPU.ActiveCfg = Release|Any CPU
		{94781E74-CEF6-48C7-A3AF-811BA752564A}.Release|Any CPU.Build.0 = Release|Any CPU
		{B35A6E26-DF83-450D-A6F1-2627B03FFAD5}.Debug|Any CPU.ActiveCfg = Debug|Any CPU
		{B35A6E26-DF83-450D-A6F1-2627B03FFAD5}.Debug|Any CPU.Build.0 = Debug|Any CPU
		{B35A6E26-DF83-450D-A6F1-2627B03FFAD5}.Release|Any CPU.ActiveCfg = Release|Any CPU
		{B35A6E26-DF83-450D-A6F1-2627B03FFAD5}.Release|Any CPU.Build.0 = Release|Any CPU
		{807317B9-3A1B-4A2F-8CCA-ADEBE0730DB5}.Debug|Any CPU.ActiveCfg = Debug|Any CPU
		{807317B9-3A1B-4A2F-8CCA-ADEBE0730DB5}.Debug|Any CPU.Build.0 = Debug|Any CPU
		{807317B9-3A1B-4A2F-8CCA-ADEBE0730DB5}.Release|Any CPU.ActiveCfg = Release|Any CPU
		{807317B9-3A1B-4A2F-8CCA-ADEBE0730DB5}.Release|Any CPU.Build.0 = Release|Any CPU
		{47071145-7DFD-40D5-A9C1-D4198D4C927B}.Debug|Any CPU.ActiveCfg = Debug|Any CPU
		{47071145-7DFD-40D5-A9C1-D4198D4C927B}.Debug|Any CPU.Build.0 = Debug|Any CPU
		{47071145-7DFD-40D5-A9C1-D4198D4C927B}.Release|Any CPU.ActiveCfg = Release|Any CPU
		{47071145-7DFD-40D5-A9C1-D4198D4C927B}.Release|Any CPU.Build.0 = Release|Any CPU
		{FE7611B7-8761-4E15-8959-42D19B9C19B9}.Debug|Any CPU.ActiveCfg = Debug|Any CPU
		{FE7611B7-8761-4E15-8959-42D19B9C19B9}.Debug|Any CPU.Build.0 = Debug|Any CPU
		{FE7611B7-8761-4E15-8959-42D19B9C19B9}.Release|Any CPU.ActiveCfg = Release|Any CPU
		{FE7611B7-8761-4E15-8959-42D19B9C19B9}.Release|Any CPU.Build.0 = Release|Any CPU
		{9D6C7CB9-00B1-4905-A3CC-EDCEC114602A}.Debug|Any CPU.ActiveCfg = Debug|Any CPU
		{9D6C7CB9-00B1-4905-A3CC-EDCEC114602A}.Debug|Any CPU.Build.0 = Debug|Any CPU
		{9D6C7CB9-00B1-4905-A3CC-EDCEC114602A}.Release|Any CPU.ActiveCfg = Release|Any CPU
		{9D6C7CB9-00B1-4905-A3CC-EDCEC114602A}.Release|Any CPU.Build.0 = Release|Any CPU
		{B986C496-84F9-4418-B922-1E48C6DE8A27}.Debug|Any CPU.ActiveCfg = Debug|Any CPU
		{B986C496-84F9-4418-B922-1E48C6DE8A27}.Debug|Any CPU.Build.0 = Debug|Any CPU
		{B986C496-84F9-4418-B922-1E48C6DE8A27}.Release|Any CPU.ActiveCfg = Release|Any CPU
		{B986C496-84F9-4418-B922-1E48C6DE8A27}.Release|Any CPU.Build.0 = Release|Any CPU
		{AD32C118-7DDC-4114-803B-F93C8CAA8770}.Debug|Any CPU.ActiveCfg = Debug|Any CPU
		{AD32C118-7DDC-4114-803B-F93C8CAA8770}.Debug|Any CPU.Build.0 = Debug|Any CPU
		{AD32C118-7DDC-4114-803B-F93C8CAA8770}.Release|Any CPU.ActiveCfg = Release|Any CPU
		{AD32C118-7DDC-4114-803B-F93C8CAA8770}.Release|Any CPU.Build.0 = Release|Any CPU
	EndGlobalSection
	GlobalSection(SolutionProperties) = preSolution
		HideSolutionNode = FALSE
	EndGlobalSection
	GlobalSection(ExtensibilityGlobals) = postSolution
		SolutionGuid = {3CB0EE65-0FBB-4211-BA8F-E72CC6C8556E}
	EndGlobalSection
EndGlobal
