
Microsoft Visual Studio Solution File, Format Version 12.00
# Visual Studio Version 17
VisualStudioVersion = 17.5.002.0
MinimumVisualStudioVersion = 10.0.40219.1
Project("{9A19103F-16F7-4668-BE54-9A1E7A4F7556}") = "01-String-Methods-Homework", "01-String-Methods-Homework\01-String-Methods-Homework.csproj", "{D929B87D-6BA3-48FF-897D-458D93370E08}"
EndProject
Project("{9A19103F-16F7-4668-BE54-9A1E7A4F7556}") = "02-number-methods-homework", "02-number-methods-homework\02-number-methods-homework.csproj", "{7AF666AE-AF9E-4AB0-BF31-E30D1540ACA4}"
EndProject
Project("{2150E333-8FDC-42A3-9474-1A3956D46DE8}") = "01-String-Methods-Homework (1)", "01-String-Methods-Homework", "{EC8F03FA-C4D3-45D1-8916-84C577571498}"
EndProject
Project("{9A19103F-16F7-4668-BE54-9A1E7A4F7556}") = "Soru1", "01-String-Methods-Homework\Soru1\Soru1.csproj", "{BB27793C-C2A4-46A1-9267-CD9C7EDB4A6E}"
EndProject
Project("{9A19103F-16F7-4668-BE54-9A1E7A4F7556}") = "Soru2", "01-String-Methods-Homework\Soru2\Soru2.csproj", "{BB73E1CD-690F-44A1-90CB-E5D2C65BBBB9}"
EndProject
Project("{9A19103F-16F7-4668-BE54-9A1E7A4F7556}") = "Soru3", "01-String-Methods-Homework\Soru3\Soru3.csproj", "{A24307E2-3E1A-4E5C-ACC8-02331B260093}"
EndProject
Project("{9A19103F-16F7-4668-BE54-9A1E7A4F7556}") = "Soru4", "01-String-Methods-Homework\Soru4\Soru4.csproj", "{BF43D39D-C08F-4998-8333-C6BD36B5908E}"
EndProject
Project("{9A19103F-16F7-4668-BE54-9A1E7A4F7556}") = "Soru5", "01-String-Methods-Homework\Soru5\Soru5.csproj", "{8ACFECA4-FABA-447A-B45C-D4B5F8D41B57}"
EndProject
Project("{2150E333-8FDC-42A3-9474-1A3956D46DE8}") = "02-number-methods-homework (1)", "02-number-methods-homework", "{B02177A7-515A-476D-AFFE-1EEC76FC1B9B}"
EndProject
Project("{9A19103F-16F7-4668-BE54-9A1E7A4F7556}") = "Soru1", "02-number-methods-homework\Soru1\Soru1.csproj", "{E88F9E45-3B1E-446F-ABF2-68EECB16F758}"
EndProject
Project("{9A19103F-16F7-4668-BE54-9A1E7A4F7556}") = "Soru2", "02-number-methods-homework\Soru2\Soru2.csproj", "{0DD78C24-1A2E-4860-AD50-E46AA4E02409}"
EndProject
Global
	GlobalSection(SolutionConfigurationPlatforms) = preSolution
		Debug|Any CPU = Debug|Any CPU
		Release|Any CPU = Release|Any CPU
	EndGlobalSection
	GlobalSection(ProjectConfigurationPlatforms) = postSolution
		{D929B87D-6BA3-48FF-897D-458D93370E08}.Debug|Any CPU.ActiveCfg = Debug|Any CPU
		{D929B87D-6BA3-48FF-897D-458D93370E08}.Debug|Any CPU.Build.0 = Debug|Any CPU
		{D929B87D-6BA3-48FF-897D-458D93370E08}.Release|Any CPU.ActiveCfg = Release|Any CPU
		{D929B87D-6BA3-48FF-897D-458D93370E08}.Release|Any CPU.Build.0 = Release|Any CPU
		{7AF666AE-AF9E-4AB0-BF31-E30D1540ACA4}.Debug|Any CPU.ActiveCfg = Debug|Any CPU
		{7AF666AE-AF9E-4AB0-BF31-E30D1540ACA4}.Debug|Any CPU.Build.0 = Debug|Any CPU
		{7AF666AE-AF9E-4AB0-BF31-E30D1540ACA4}.Release|Any CPU.ActiveCfg = Release|Any CPU
		{7AF666AE-AF9E-4AB0-BF31-E30D1540ACA4}.Release|Any CPU.Build.0 = Release|Any CPU
		{BB27793C-C2A4-46A1-9267-CD9C7EDB4A6E}.Debug|Any CPU.ActiveCfg = Debug|Any CPU
		{BB27793C-C2A4-46A1-9267-CD9C7EDB4A6E}.Debug|Any CPU.Build.0 = Debug|Any CPU
		{BB27793C-C2A4-46A1-9267-CD9C7EDB4A6E}.Release|Any CPU.ActiveCfg = Release|Any CPU
		{BB27793C-C2A4-46A1-9267-CD9C7EDB4A6E}.Release|Any CPU.Build.0 = Release|Any CPU
		{BB73E1CD-690F-44A1-90CB-E5D2C65BBBB9}.Debug|Any CPU.ActiveCfg = Debug|Any CPU
		{BB73E1CD-690F-44A1-90CB-E5D2C65BBBB9}.Debug|Any CPU.Build.0 = Debug|Any CPU
		{BB73E1CD-690F-44A1-90CB-E5D2C65BBBB9}.Release|Any CPU.ActiveCfg = Release|Any CPU
		{BB73E1CD-690F-44A1-90CB-E5D2C65BBBB9}.Release|Any CPU.Build.0 = Release|Any CPU
		{A24307E2-3E1A-4E5C-ACC8-02331B260093}.Debug|Any CPU.ActiveCfg = Debug|Any CPU
		{A24307E2-3E1A-4E5C-ACC8-02331B260093}.Debug|Any CPU.Build.0 = Debug|Any CPU
		{A24307E2-3E1A-4E5C-ACC8-02331B260093}.Release|Any CPU.ActiveCfg = Release|Any CPU
		{A24307E2-3E1A-4E5C-ACC8-02331B260093}.Release|Any CPU.Build.0 = Release|Any CPU
		{BF43D39D-C08F-4998-8333-C6BD36B5908E}.Debug|Any CPU.ActiveCfg = Debug|Any CPU
		{BF43D39D-C08F-4998-8333-C6BD36B5908E}.Debug|Any CPU.Build.0 = Debug|Any CPU
		{BF43D39D-C08F-4998-8333-C6BD36B5908E}.Release|Any CPU.ActiveCfg = Release|Any CPU
		{BF43D39D-C08F-4998-8333-C6BD36B5908E}.Release|Any CPU.Build.0 = Release|Any CPU
		{8ACFECA4-FABA-447A-B45C-D4B5F8D41B57}.Debug|Any CPU.ActiveCfg = Debug|Any CPU
		{8ACFECA4-FABA-447A-B45C-D4B5F8D41B57}.Debug|Any CPU.Build.0 = Debug|Any CPU
		{8ACFECA4-FABA-447A-B45C-D4B5F8D41B57}.Release|Any CPU.ActiveCfg = Release|Any CPU
		{8ACFECA4-FABA-447A-B45C-D4B5F8D41B57}.Release|Any CPU.Build.0 = Release|Any CPU
		{E88F9E45-3B1E-446F-ABF2-68EECB16F758}.Debug|Any CPU.ActiveCfg = Debug|Any CPU
		{E88F9E45-3B1E-446F-ABF2-68EECB16F758}.Debug|Any CPU.Build.0 = Debug|Any CPU
		{E88F9E45-3B1E-446F-ABF2-68EECB16F758}.Release|Any CPU.ActiveCfg = Release|Any CPU
		{E88F9E45-3B1E-446F-ABF2-68EECB16F758}.Release|Any CPU.Build.0 = Release|Any CPU
		{0DD78C24-1A2E-4860-AD50-E46AA4E02409}.Debug|Any CPU.ActiveCfg = Debug|Any CPU
		{0DD78C24-1A2E-4860-AD50-E46AA4E02409}.Debug|Any CPU.Build.0 = Debug|Any CPU
		{0DD78C24-1A2E-4860-AD50-E46AA4E02409}.Release|Any CPU.ActiveCfg = Release|Any CPU
		{0DD78C24-1A2E-4860-AD50-E46AA4E02409}.Release|Any CPU.Build.0 = Release|Any CPU
	EndGlobalSection
	GlobalSection(SolutionProperties) = preSolution
		HideSolutionNode = FALSE
	EndGlobalSection
	GlobalSection(NestedProjects) = preSolution
		{BB27793C-C2A4-46A1-9267-CD9C7EDB4A6E} = {EC8F03FA-C4D3-45D1-8916-84C577571498}
		{BB73E1CD-690F-44A1-90CB-E5D2C65BBBB9} = {EC8F03FA-C4D3-45D1-8916-84C577571498}
		{A24307E2-3E1A-4E5C-ACC8-02331B260093} = {EC8F03FA-C4D3-45D1-8916-84C577571498}
		{BF43D39D-C08F-4998-8333-C6BD36B5908E} = {EC8F03FA-C4D3-45D1-8916-84C577571498}
		{8ACFECA4-FABA-447A-B45C-D4B5F8D41B57} = {EC8F03FA-C4D3-45D1-8916-84C577571498}
		{E88F9E45-3B1E-446F-ABF2-68EECB16F758} = {B02177A7-515A-476D-AFFE-1EEC76FC1B9B}
		{0DD78C24-1A2E-4860-AD50-E46AA4E02409} = {B02177A7-515A-476D-AFFE-1EEC76FC1B9B}
	EndGlobalSection
	GlobalSection(ExtensibilityGlobals) = postSolution
		SolutionGuid = {BE6A1581-43F3-4E36-9F62-6145B1A714E5}
	EndGlobalSection
EndGlobal
