
Microsoft Visual Studio Solution File, Format Version 12.00
# Visual Studio Version 17
VisualStudioVersion = 17.5.002.0
MinimumVisualStudioVersion = 10.0.40219.1
Project("{9A19103F-16F7-4668-BE54-9A1E7A4F7556}") = "02-number-methods-homework", "02-number-methods-homework.csproj", "{2F330C5C-EABD-4671-B561-C721DAD8C35E}"
EndProject
Project("{9A19103F-16F7-4668-BE54-9A1E7A4F7556}") = "Soru1", "Soru1\Soru1.csproj", "{5EF9286F-DAF2-4C91-A2F3-0A7860EF6040}"
EndProject
Project("{9A19103F-16F7-4668-BE54-9A1E7A4F7556}") = "Soru10", "Soru10\Soru10.csproj", "{FCD168FA-AEF2-4319-8450-021C22998F5B}"
EndProject
Project("{9A19103F-16F7-4668-BE54-9A1E7A4F7556}") = "Soru2", "Soru2\Soru2.csproj", "{EA86CC12-2515-437D-A5AA-B98D833E449B}"
EndProject
Project("{9A19103F-16F7-4668-BE54-9A1E7A4F7556}") = "Soru3", "Soru3\Soru3.csproj", "{A22C9E58-89FB-46C5-AAD3-276D12FB6657}"
EndProject
Project("{9A19103F-16F7-4668-BE54-9A1E7A4F7556}") = "Soru4", "Soru4\Soru4.csproj", "{66592928-D5EA-43CF-8C2B-7F802F176B6C}"
EndProject
Project("{9A19103F-16F7-4668-BE54-9A1E7A4F7556}") = "Soru5", "Soru5\Soru5.csproj", "{E1BB4A2E-4A11-4424-AF0E-89749B596696}"
EndProject
Project("{9A19103F-16F7-4668-BE54-9A1E7A4F7556}") = "Soru6", "Soru6\Soru6.csproj", "{9F8F9705-2D55-4BAA-A34B-5A5DCCAE0AEC}"
EndProject
Project("{9A19103F-16F7-4668-BE54-9A1E7A4F7556}") = "Soru7", "Soru7\Soru7.csproj", "{2494F290-F395-4F9D-800D-B125AF1D73DA}"
EndProject
Project("{9A19103F-16F7-4668-BE54-9A1E7A4F7556}") = "Soru8", "Soru8\Soru8.csproj", "{2A316319-684D-4B3E-8F2E-4144F137BF2C}"
EndProject
Project("{9A19103F-16F7-4668-BE54-9A1E7A4F7556}") = "Soru9,", "Soru9,\Soru9,.csproj", "{87FAE521-4AA9-4ABB-9475-FF07B2AAB972}"
EndProject
Global
	GlobalSection(SolutionConfigurationPlatforms) = preSolution
		Debug|Any CPU = Debug|Any CPU
		Release|Any CPU = Release|Any CPU
	EndGlobalSection
	GlobalSection(ProjectConfigurationPlatforms) = postSolution
		{2F330C5C-EABD-4671-B561-C721DAD8C35E}.Debug|Any CPU.ActiveCfg = Debug|Any CPU
		{2F330C5C-EABD-4671-B561-C721DAD8C35E}.Debug|Any CPU.Build.0 = Debug|Any CPU
		{2F330C5C-EABD-4671-B561-C721DAD8C35E}.Release|Any CPU.ActiveCfg = Release|Any CPU
		{2F330C5C-EABD-4671-B561-C721DAD8C35E}.Release|Any CPU.Build.0 = Release|Any CPU
		{5EF9286F-DAF2-4C91-A2F3-0A7860EF6040}.Debug|Any CPU.ActiveCfg = Debug|Any CPU
		{5EF9286F-DAF2-4C91-A2F3-0A7860EF6040}.Debug|Any CPU.Build.0 = Debug|Any CPU
		{5EF9286F-DAF2-4C91-A2F3-0A7860EF6040}.Release|Any CPU.ActiveCfg = Release|Any CPU
		{5EF9286F-DAF2-4C91-A2F3-0A7860EF6040}.Release|Any CPU.Build.0 = Release|Any CPU
		{FCD168FA-AEF2-4319-8450-021C22998F5B}.Debug|Any CPU.ActiveCfg = Debug|Any CPU
		{FCD168FA-AEF2-4319-8450-021C22998F5B}.Debug|Any CPU.Build.0 = Debug|Any CPU
		{FCD168FA-AEF2-4319-8450-021C22998F5B}.Release|Any CPU.ActiveCfg = Release|Any CPU
		{FCD168FA-AEF2-4319-8450-021C22998F5B}.Release|Any CPU.Build.0 = Release|Any CPU
		{EA86CC12-2515-437D-A5AA-B98D833E449B}.Debug|Any CPU.ActiveCfg = Debug|Any CPU
		{EA86CC12-2515-437D-A5AA-B98D833E449B}.Debug|Any CPU.Build.0 = Debug|Any CPU
		{EA86CC12-2515-437D-A5AA-B98D833E449B}.Release|Any CPU.ActiveCfg = Release|Any CPU
		{EA86CC12-2515-437D-A5AA-B98D833E449B}.Release|Any CPU.Build.0 = Release|Any CPU
		{A22C9E58-89FB-46C5-AAD3-276D12FB6657}.Debug|Any CPU.ActiveCfg = Debug|Any CPU
		{A22C9E58-89FB-46C5-AAD3-276D12FB6657}.Debug|Any CPU.Build.0 = Debug|Any CPU
		{A22C9E58-89FB-46C5-AAD3-276D12FB6657}.Release|Any CPU.ActiveCfg = Release|Any CPU
		{A22C9E58-89FB-46C5-AAD3-276D12FB6657}.Release|Any CPU.Build.0 = Release|Any CPU
		{66592928-D5EA-43CF-8C2B-7F802F176B6C}.Debug|Any CPU.ActiveCfg = Debug|Any CPU
		{66592928-D5EA-43CF-8C2B-7F802F176B6C}.Debug|Any CPU.Build.0 = Debug|Any CPU
		{66592928-D5EA-43CF-8C2B-7F802F176B6C}.Release|Any CPU.ActiveCfg = Release|Any CPU
		{66592928-D5EA-43CF-8C2B-7F802F176B6C}.Release|Any CPU.Build.0 = Release|Any CPU
		{E1BB4A2E-4A11-4424-AF0E-89749B596696}.Debug|Any CPU.ActiveCfg = Debug|Any CPU
		{E1BB4A2E-4A11-4424-AF0E-89749B596696}.Debug|Any CPU.Build.0 = Debug|Any CPU
		{E1BB4A2E-4A11-4424-AF0E-89749B596696}.Release|Any CPU.ActiveCfg = Release|Any CPU
		{E1BB4A2E-4A11-4424-AF0E-89749B596696}.Release|Any CPU.Build.0 = Release|Any CPU
		{9F8F9705-2D55-4BAA-A34B-5A5DCCAE0AEC}.Debug|Any CPU.ActiveCfg = Debug|Any CPU
		{9F8F9705-2D55-4BAA-A34B-5A5DCCAE0AEC}.Debug|Any CPU.Build.0 = Debug|Any CPU
		{9F8F9705-2D55-4BAA-A34B-5A5DCCAE0AEC}.Release|Any CPU.ActiveCfg = Release|Any CPU
		{9F8F9705-2D55-4BAA-A34B-5A5DCCAE0AEC}.Release|Any CPU.Build.0 = Release|Any CPU
		{2494F290-F395-4F9D-800D-B125AF1D73DA}.Debug|Any CPU.ActiveCfg = Debug|Any CPU
		{2494F290-F395-4F9D-800D-B125AF1D73DA}.Debug|Any CPU.Build.0 = Debug|Any CPU
		{2494F290-F395-4F9D-800D-B125AF1D73DA}.Release|Any CPU.ActiveCfg = Release|Any CPU
		{2494F290-F395-4F9D-800D-B125AF1D73DA}.Release|Any CPU.Build.0 = Release|Any CPU
		{2A316319-684D-4B3E-8F2E-4144F137BF2C}.Debug|Any CPU.ActiveCfg = Debug|Any CPU
		{2A316319-684D-4B3E-8F2E-4144F137BF2C}.Debug|Any CPU.Build.0 = Debug|Any CPU
		{2A316319-684D-4B3E-8F2E-4144F137BF2C}.Release|Any CPU.ActiveCfg = Release|Any CPU
		{2A316319-684D-4B3E-8F2E-4144F137BF2C}.Release|Any CPU.Build.0 = Release|Any CPU
		{87FAE521-4AA9-4ABB-9475-FF07B2AAB972}.Debug|Any CPU.ActiveCfg = Debug|Any CPU
		{87FAE521-4AA9-4ABB-9475-FF07B2AAB972}.Debug|Any CPU.Build.0 = Debug|Any CPU
		{87FAE521-4AA9-4ABB-9475-FF07B2AAB972}.Release|Any CPU.ActiveCfg = Release|Any CPU
		{87FAE521-4AA9-4ABB-9475-FF07B2AAB972}.Release|Any CPU.Build.0 = Release|Any CPU
	EndGlobalSection
	GlobalSection(SolutionProperties) = preSolution
		HideSolutionNode = FALSE
	EndGlobalSection
	GlobalSection(ExtensibilityGlobals) = postSolution
		SolutionGuid = {BE6A1581-43F3-4E36-9F62-6145B1A714E5}
	EndGlobalSection
EndGlobal
