
Microsoft Visual Studio Solution File, Format Version 12.00
# Visual Studio Version 17
VisualStudioVersion = 17.5.002.0
MinimumVisualStudioVersion = 10.0.40219.1
Project("{9A19103F-16F7-4668-BE54-9A1E7A4F7556}") = "04-if-else-homework", "04-if-else-homework.csproj", "{A7C7842E-B716-4499-B354-8020F7D1F54A}"
EndProject
Project("{9A19103F-16F7-4668-BE54-9A1E7A4F7556}") = "Soru1", "Soru1\Soru1.csproj", "{08EE4CB3-7641-4C07-9A78-D44C9405A347}"
EndProject
Project("{9A19103F-16F7-4668-BE54-9A1E7A4F7556}") = "Soru10", "Soru10\Soru10.csproj", "{4A76DC0D-64F9-4F33-BC8B-6D48F38918C0}"
EndProject
Project("{9A19103F-16F7-4668-BE54-9A1E7A4F7556}") = "Soru2", "Soru2\Soru2.csproj", "{8EBCA1AE-FF38-4EC2-A666-CA4860B0800D}"
EndProject
Project("{9A19103F-16F7-4668-BE54-9A1E7A4F7556}") = "Soru3", "Soru3\Soru3.csproj", "{253BB1A4-37A6-4A30-9505-763E8AF7FBC9}"
EndProject
Project("{9A19103F-16F7-4668-BE54-9A1E7A4F7556}") = "Soru4", "Soru4\Soru4.csproj", "{04AD4130-31D3-4BA4-8DBF-0B0DC65195D4}"
EndProject
Project("{9A19103F-16F7-4668-BE54-9A1E7A4F7556}") = "Soru5", "Soru5\Soru5.csproj", "{4BA1DB6E-E51A-40D9-BF91-0D08AF2C7774}"
EndProject
Project("{9A19103F-16F7-4668-BE54-9A1E7A4F7556}") = "Soru6", "Soru6\Soru6.csproj", "{5E9CA3D5-4E60-455D-90D9-527D7CBE0026}"
EndProject
Project("{9A19103F-16F7-4668-BE54-9A1E7A4F7556}") = "Soru7", "Soru7\Soru7.csproj", "{B61B32A9-9A20-410D-9DEC-170741957B4B}"
EndProject
Project("{9A19103F-16F7-4668-BE54-9A1E7A4F7556}") = "Soru8", "Soru8\Soru8.csproj", "{43DAB480-5609-4AB1-B7BE-B7CE8E053484}"
EndProject
Project("{9A19103F-16F7-4668-BE54-9A1E7A4F7556}") = "Soru9", "Soru9\Soru9.csproj", "{D3A49DC8-FC7F-43C3-A48C-3A5471B29399}"
EndProject
Global
	GlobalSection(SolutionConfigurationPlatforms) = preSolution
		Debug|Any CPU = Debug|Any CPU
		Release|Any CPU = Release|Any CPU
	EndGlobalSection
	GlobalSection(ProjectConfigurationPlatforms) = postSolution
		{A7C7842E-B716-4499-B354-8020F7D1F54A}.Debug|Any CPU.ActiveCfg = Debug|Any CPU
		{A7C7842E-B716-4499-B354-8020F7D1F54A}.Debug|Any CPU.Build.0 = Debug|Any CPU
		{A7C7842E-B716-4499-B354-8020F7D1F54A}.Release|Any CPU.ActiveCfg = Release|Any CPU
		{A7C7842E-B716-4499-B354-8020F7D1F54A}.Release|Any CPU.Build.0 = Release|Any CPU
		{08EE4CB3-7641-4C07-9A78-D44C9405A347}.Debug|Any CPU.ActiveCfg = Debug|Any CPU
		{08EE4CB3-7641-4C07-9A78-D44C9405A347}.Debug|Any CPU.Build.0 = Debug|Any CPU
		{08EE4CB3-7641-4C07-9A78-D44C9405A347}.Release|Any CPU.ActiveCfg = Release|Any CPU
		{08EE4CB3-7641-4C07-9A78-D44C9405A347}.Release|Any CPU.Build.0 = Release|Any CPU
		{4A76DC0D-64F9-4F33-BC8B-6D48F38918C0}.Debug|Any CPU.ActiveCfg = Debug|Any CPU
		{4A76DC0D-64F9-4F33-BC8B-6D48F38918C0}.Debug|Any CPU.Build.0 = Debug|Any CPU
		{4A76DC0D-64F9-4F33-BC8B-6D48F38918C0}.Release|Any CPU.ActiveCfg = Release|Any CPU
		{4A76DC0D-64F9-4F33-BC8B-6D48F38918C0}.Release|Any CPU.Build.0 = Release|Any CPU
		{8EBCA1AE-FF38-4EC2-A666-CA4860B0800D}.Debug|Any CPU.ActiveCfg = Debug|Any CPU
		{8EBCA1AE-FF38-4EC2-A666-CA4860B0800D}.Debug|Any CPU.Build.0 = Debug|Any CPU
		{8EBCA1AE-FF38-4EC2-A666-CA4860B0800D}.Release|Any CPU.ActiveCfg = Release|Any CPU
		{8EBCA1AE-FF38-4EC2-A666-CA4860B0800D}.Release|Any CPU.Build.0 = Release|Any CPU
		{253BB1A4-37A6-4A30-9505-763E8AF7FBC9}.Debug|Any CPU.ActiveCfg = Debug|Any CPU
		{253BB1A4-37A6-4A30-9505-763E8AF7FBC9}.Debug|Any CPU.Build.0 = Debug|Any CPU
		{253BB1A4-37A6-4A30-9505-763E8AF7FBC9}.Release|Any CPU.ActiveCfg = Release|Any CPU
		{253BB1A4-37A6-4A30-9505-763E8AF7FBC9}.Release|Any CPU.Build.0 = Release|Any CPU
		{04AD4130-31D3-4BA4-8DBF-0B0DC65195D4}.Debug|Any CPU.ActiveCfg = Debug|Any CPU
		{04AD4130-31D3-4BA4-8DBF-0B0DC65195D4}.Debug|Any CPU.Build.0 = Debug|Any CPU
		{04AD4130-31D3-4BA4-8DBF-0B0DC65195D4}.Release|Any CPU.ActiveCfg = Release|Any CPU
		{04AD4130-31D3-4BA4-8DBF-0B0DC65195D4}.Release|Any CPU.Build.0 = Release|Any CPU
		{4BA1DB6E-E51A-40D9-BF91-0D08AF2C7774}.Debug|Any CPU.ActiveCfg = Debug|Any CPU
		{4BA1DB6E-E51A-40D9-BF91-0D08AF2C7774}.Debug|Any CPU.Build.0 = Debug|Any CPU
		{4BA1DB6E-E51A-40D9-BF91-0D08AF2C7774}.Release|Any CPU.ActiveCfg = Release|Any CPU
		{4BA1DB6E-E51A-40D9-BF91-0D08AF2C7774}.Release|Any CPU.Build.0 = Release|Any CPU
		{5E9CA3D5-4E60-455D-90D9-527D7CBE0026}.Debug|Any CPU.ActiveCfg = Debug|Any CPU
		{5E9CA3D5-4E60-455D-90D9-527D7CBE0026}.Debug|Any CPU.Build.0 = Debug|Any CPU
		{5E9CA3D5-4E60-455D-90D9-527D7CBE0026}.Release|Any CPU.ActiveCfg = Release|Any CPU
		{5E9CA3D5-4E60-455D-90D9-527D7CBE0026}.Release|Any CPU.Build.0 = Release|Any CPU
		{B61B32A9-9A20-410D-9DEC-170741957B4B}.Debug|Any CPU.ActiveCfg = Debug|Any CPU
		{B61B32A9-9A20-410D-9DEC-170741957B4B}.Debug|Any CPU.Build.0 = Debug|Any CPU
		{B61B32A9-9A20-410D-9DEC-170741957B4B}.Release|Any CPU.ActiveCfg = Release|Any CPU
		{B61B32A9-9A20-410D-9DEC-170741957B4B}.Release|Any CPU.Build.0 = Release|Any CPU
		{43DAB480-5609-4AB1-B7BE-B7CE8E053484}.Debug|Any CPU.ActiveCfg = Debug|Any CPU
		{43DAB480-5609-4AB1-B7BE-B7CE8E053484}.Debug|Any CPU.Build.0 = Debug|Any CPU
		{43DAB480-5609-4AB1-B7BE-B7CE8E053484}.Release|Any CPU.ActiveCfg = Release|Any CPU
		{43DAB480-5609-4AB1-B7BE-B7CE8E053484}.Release|Any CPU.Build.0 = Release|Any CPU
		{D3A49DC8-FC7F-43C3-A48C-3A5471B29399}.Debug|Any CPU.ActiveCfg = Debug|Any CPU
		{D3A49DC8-FC7F-43C3-A48C-3A5471B29399}.Debug|Any CPU.Build.0 = Debug|Any CPU
		{D3A49DC8-FC7F-43C3-A48C-3A5471B29399}.Release|Any CPU.ActiveCfg = Release|Any CPU
		{D3A49DC8-FC7F-43C3-A48C-3A5471B29399}.Release|Any CPU.Build.0 = Release|Any CPU
	EndGlobalSection
	GlobalSection(SolutionProperties) = preSolution
		HideSolutionNode = FALSE
	EndGlobalSection
	GlobalSection(ExtensibilityGlobals) = postSolution
		SolutionGuid = {66B5A785-1350-4953-8CE2-9A5FCDB3F96C}
	EndGlobalSection
EndGlobal
